
Microsoft Visual Studio Solution File, Format Version 12.00
# Visual Studio Version 16
VisualStudioVersion = 16.0.29418.71
MinimumVisualStudioVersion = 10.0.40219.1
Project("{2150E333-8FDC-42A3-9474-1A3956D46DE8}") = "Solution Items", "Solution Items", "{98C3F5AC-1FDF-4AAF-B067-A9E9C663D87B}"
	ProjectSection(SolutionItems) = preProject
		COPYING.txt = COPYING.txt
		docfx_project\docfx.json = docfx_project\docfx.json
		isopoh.pfx = isopoh.pfx
		README.md = README.md
		stylecop.json = stylecop.json
	EndProjectSection
EndProject
Project("{9A19103F-16F7-4668-BE54-9A1E7A4F7556}") = "Isopoh.Cryptography.SecureArray", "Isopoh.Cryptography.SecureArray\Isopoh.Cryptography.SecureArray.csproj", "{8F5CEFC0-81B0-473B-8CE8-2E1EF555B15B}"
EndProject
Project("{9A19103F-16F7-4668-BE54-9A1E7A4F7556}") = "Isopoh.Cryptography.Blake2b", "Isopoh.Cryptography.Blake2b\Isopoh.Cryptography.Blake2b.csproj", "{249617D6-8291-4B2D-881F-3A6DE54DDCD3}"
EndProject
Project("{9A19103F-16F7-4668-BE54-9A1E7A4F7556}") = "Isopoh.Cryptography.Argon2", "Isopoh.Cryptography.Argon2\Isopoh.Cryptography.Argon2.csproj", "{0738ED69-6346-4143-B8EF-71AA8605A1A4}"
EndProject
Project("{9A19103F-16F7-4668-BE54-9A1E7A4F7556}") = "Isopoh.Cryptography.Test", "Isopoh.Cryptography.Test\Isopoh.Cryptography.Test.csproj", "{7B863047-1FFC-415E-B08E-FE88608A2456}"
EndProject
Project("{9A19103F-16F7-4668-BE54-9A1E7A4F7556}") = "TestApp", "TestApp\TestApp.csproj", "{6EED6F14-8F1D-430F-AEF1-E6B5567A3A68}"
EndProject
Project("{9A19103F-16F7-4668-BE54-9A1E7A4F7556}") = "Doc", "Doc\Doc.csproj", "{F064552E-7DA8-4DC2-B880-5C03B3F5B70E}"
	ProjectSection(ProjectDependencies) = postProject
		{0738ED69-6346-4143-B8EF-71AA8605A1A4} = {0738ED69-6346-4143-B8EF-71AA8605A1A4}
		{8F5CEFC0-81B0-473B-8CE8-2E1EF555B15B} = {8F5CEFC0-81B0-473B-8CE8-2E1EF555B15B}
		{249617D6-8291-4B2D-881F-3A6DE54DDCD3} = {249617D6-8291-4B2D-881F-3A6DE54DDCD3}
	EndProjectSection
EndProject
Project("{9A19103F-16F7-4668-BE54-9A1E7A4F7556}") = "TestBlazor.Server", "TestBlazor\Server\TestBlazor.Server.csproj", "{4D4E8347-EFF5-48EA-ADE3-F2479117CA32}"
EndProject
Project("{9A19103F-16F7-4668-BE54-9A1E7A4F7556}") = "TestBlazor.Client", "TestBlazor\Client\TestBlazor.Client.csproj", "{1AE1BD1E-3794-4F4C-8E9E-7A8D16E231F8}"
EndProject
Project("{D954291E-2A0B-460D-934E-DC6B0785DB48}") = "TestUno.Shared", "TestUno\Shared\TestUno.Shared.shproj", "{6279C845-92F8-4333-AB99-3D213163593C}"
EndProject
Project("{FAE04EC0-301F-11D3-BF4B-00C04F79EFBC}") = "TestUno.Uwp", "TestUno\Uwp\TestUno.Uwp.csproj", "{94FBDAC9-A171-4C8C-B1DF-B4118A7A538C}"
EndProject
Project("{9A19103F-16F7-4668-BE54-9A1E7A4F7556}") = "TestUno.Wasm", "TestUno\Wasm\TestUno.Wasm.csproj", "{DC8ADF0B-1EF3-4F26-BD3B-BA51119341F2}"
EndProject
Global
	GlobalSection(SharedMSBuildProjectFiles) = preSolution
		TestUno\Shared\TestUno.Shared.projitems*{6279c845-92f8-4333-ab99-3d213163593c}*SharedItemsImports = 13
		TestUno\Shared\TestUno.Shared.projitems*{94fbdac9-a171-4c8c-b1df-b4118a7a538c}*SharedItemsImports = 4
		TestUno\Shared\TestUno.Shared.projitems*{dc8adf0b-1ef3-4f26-bd3b-ba51119341f2}*SharedItemsImports = 5
	EndGlobalSection
	GlobalSection(SolutionConfigurationPlatforms) = preSolution
		Debug|Any CPU = Debug|Any CPU
		Debug|ARM = Debug|ARM
		Debug|ARM64 = Debug|ARM64
		Debug|x64 = Debug|x64
		Debug|x86 = Debug|x86
		Release|Any CPU = Release|Any CPU
		Release|ARM = Release|ARM
		Release|ARM64 = Release|ARM64
		Release|x64 = Release|x64
		Release|x86 = Release|x86
	EndGlobalSection
	GlobalSection(ProjectConfigurationPlatforms) = postSolution
		{8F5CEFC0-81B0-473B-8CE8-2E1EF555B15B}.Debug|Any CPU.ActiveCfg = Debug|Any CPU
		{8F5CEFC0-81B0-473B-8CE8-2E1EF555B15B}.Debug|Any CPU.Build.0 = Debug|Any CPU
		{8F5CEFC0-81B0-473B-8CE8-2E1EF555B15B}.Debug|ARM.ActiveCfg = Debug|Any CPU
		{8F5CEFC0-81B0-473B-8CE8-2E1EF555B15B}.Debug|ARM.Build.0 = Debug|Any CPU
		{8F5CEFC0-81B0-473B-8CE8-2E1EF555B15B}.Debug|ARM64.ActiveCfg = Debug|Any CPU
		{8F5CEFC0-81B0-473B-8CE8-2E1EF555B15B}.Debug|ARM64.Build.0 = Debug|Any CPU
		{8F5CEFC0-81B0-473B-8CE8-2E1EF555B15B}.Debug|x64.ActiveCfg = Debug|Any CPU
		{8F5CEFC0-81B0-473B-8CE8-2E1EF555B15B}.Debug|x64.Build.0 = Debug|Any CPU
		{8F5CEFC0-81B0-473B-8CE8-2E1EF555B15B}.Debug|x86.ActiveCfg = Debug|Any CPU
		{8F5CEFC0-81B0-473B-8CE8-2E1EF555B15B}.Debug|x86.Build.0 = Debug|Any CPU
		{8F5CEFC0-81B0-473B-8CE8-2E1EF555B15B}.Release|Any CPU.ActiveCfg = Release|Any CPU
		{8F5CEFC0-81B0-473B-8CE8-2E1EF555B15B}.Release|Any CPU.Build.0 = Release|Any CPU
		{8F5CEFC0-81B0-473B-8CE8-2E1EF555B15B}.Release|ARM.ActiveCfg = Release|Any CPU
		{8F5CEFC0-81B0-473B-8CE8-2E1EF555B15B}.Release|ARM.Build.0 = Release|Any CPU
		{8F5CEFC0-81B0-473B-8CE8-2E1EF555B15B}.Release|ARM64.ActiveCfg = Release|Any CPU
		{8F5CEFC0-81B0-473B-8CE8-2E1EF555B15B}.Release|ARM64.Build.0 = Release|Any CPU
		{8F5CEFC0-81B0-473B-8CE8-2E1EF555B15B}.Release|x64.ActiveCfg = Release|Any CPU
		{8F5CEFC0-81B0-473B-8CE8-2E1EF555B15B}.Release|x64.Build.0 = Release|Any CPU
		{8F5CEFC0-81B0-473B-8CE8-2E1EF555B15B}.Release|x86.ActiveCfg = Release|Any CPU
		{8F5CEFC0-81B0-473B-8CE8-2E1EF555B15B}.Release|x86.Build.0 = Release|Any CPU
		{249617D6-8291-4B2D-881F-3A6DE54DDCD3}.Debug|Any CPU.ActiveCfg = Debug|Any CPU
		{249617D6-8291-4B2D-881F-3A6DE54DDCD3}.Debug|Any CPU.Build.0 = Debug|Any CPU
		{249617D6-8291-4B2D-881F-3A6DE54DDCD3}.Debug|ARM.ActiveCfg = Debug|Any CPU
		{249617D6-8291-4B2D-881F-3A6DE54DDCD3}.Debug|ARM.Build.0 = Debug|Any CPU
		{249617D6-8291-4B2D-881F-3A6DE54DDCD3}.Debug|ARM64.ActiveCfg = Debug|Any CPU
		{249617D6-8291-4B2D-881F-3A6DE54DDCD3}.Debug|ARM64.Build.0 = Debug|Any CPU
		{249617D6-8291-4B2D-881F-3A6DE54DDCD3}.Debug|x64.ActiveCfg = Debug|Any CPU
		{249617D6-8291-4B2D-881F-3A6DE54DDCD3}.Debug|x64.Build.0 = Debug|Any CPU
		{249617D6-8291-4B2D-881F-3A6DE54DDCD3}.Debug|x86.ActiveCfg = Debug|Any CPU
		{249617D6-8291-4B2D-881F-3A6DE54DDCD3}.Debug|x86.Build.0 = Debug|Any CPU
		{249617D6-8291-4B2D-881F-3A6DE54DDCD3}.Release|Any CPU.ActiveCfg = Release|Any CPU
		{249617D6-8291-4B2D-881F-3A6DE54DDCD3}.Release|Any CPU.Build.0 = Release|Any CPU
		{249617D6-8291-4B2D-881F-3A6DE54DDCD3}.Release|ARM.ActiveCfg = Release|Any CPU
		{249617D6-8291-4B2D-881F-3A6DE54DDCD3}.Release|ARM.Build.0 = Release|Any CPU
		{249617D6-8291-4B2D-881F-3A6DE54DDCD3}.Release|ARM64.ActiveCfg = Release|Any CPU
		{249617D6-8291-4B2D-881F-3A6DE54DDCD3}.Release|ARM64.Build.0 = Release|Any CPU
		{249617D6-8291-4B2D-881F-3A6DE54DDCD3}.Release|x64.ActiveCfg = Release|Any CPU
		{249617D6-8291-4B2D-881F-3A6DE54DDCD3}.Release|x64.Build.0 = Release|Any CPU
		{249617D6-8291-4B2D-881F-3A6DE54DDCD3}.Release|x86.ActiveCfg = Release|Any CPU
		{249617D6-8291-4B2D-881F-3A6DE54DDCD3}.Release|x86.Build.0 = Release|Any CPU
		{0738ED69-6346-4143-B8EF-71AA8605A1A4}.Debug|Any CPU.ActiveCfg = Debug|Any CPU
		{0738ED69-6346-4143-B8EF-71AA8605A1A4}.Debug|Any CPU.Build.0 = Debug|Any CPU
		{0738ED69-6346-4143-B8EF-71AA8605A1A4}.Debug|ARM.ActiveCfg = Debug|Any CPU
		{0738ED69-6346-4143-B8EF-71AA8605A1A4}.Debug|ARM.Build.0 = Debug|Any CPU
		{0738ED69-6346-4143-B8EF-71AA8605A1A4}.Debug|ARM64.ActiveCfg = Debug|Any CPU
		{0738ED69-6346-4143-B8EF-71AA8605A1A4}.Debug|ARM64.Build.0 = Debug|Any CPU
		{0738ED69-6346-4143-B8EF-71AA8605A1A4}.Debug|x64.ActiveCfg = Debug|Any CPU
		{0738ED69-6346-4143-B8EF-71AA8605A1A4}.Debug|x64.Build.0 = Debug|Any CPU
		{0738ED69-6346-4143-B8EF-71AA8605A1A4}.Debug|x86.ActiveCfg = Debug|Any CPU
		{0738ED69-6346-4143-B8EF-71AA8605A1A4}.Debug|x86.Build.0 = Debug|Any CPU
		{0738ED69-6346-4143-B8EF-71AA8605A1A4}.Release|Any CPU.ActiveCfg = Release|Any CPU
		{0738ED69-6346-4143-B8EF-71AA8605A1A4}.Release|Any CPU.Build.0 = Release|Any CPU
		{0738ED69-6346-4143-B8EF-71AA8605A1A4}.Release|ARM.ActiveCfg = Release|Any CPU
		{0738ED69-6346-4143-B8EF-71AA8605A1A4}.Release|ARM.Build.0 = Release|Any CPU
		{0738ED69-6346-4143-B8EF-71AA8605A1A4}.Release|ARM64.ActiveCfg = Release|Any CPU
		{0738ED69-6346-4143-B8EF-71AA8605A1A4}.Release|ARM64.Build.0 = Release|Any CPU
		{0738ED69-6346-4143-B8EF-71AA8605A1A4}.Release|x64.ActiveCfg = Release|Any CPU
		{0738ED69-6346-4143-B8EF-71AA8605A1A4}.Release|x64.Build.0 = Release|Any CPU
		{0738ED69-6346-4143-B8EF-71AA8605A1A4}.Release|x86.ActiveCfg = Release|Any CPU
		{0738ED69-6346-4143-B8EF-71AA8605A1A4}.Release|x86.Build.0 = Release|Any CPU
		{7B863047-1FFC-415E-B08E-FE88608A2456}.Debug|Any CPU.ActiveCfg = Debug|Any CPU
		{7B863047-1FFC-415E-B08E-FE88608A2456}.Debug|Any CPU.Build.0 = Debug|Any CPU
		{7B863047-1FFC-415E-B08E-FE88608A2456}.Debug|ARM.ActiveCfg = Debug|Any CPU
		{7B863047-1FFC-415E-B08E-FE88608A2456}.Debug|ARM.Build.0 = Debug|Any CPU
		{7B863047-1FFC-415E-B08E-FE88608A2456}.Debug|ARM64.ActiveCfg = Debug|Any CPU
		{7B863047-1FFC-415E-B08E-FE88608A2456}.Debug|ARM64.Build.0 = Debug|Any CPU
		{7B863047-1FFC-415E-B08E-FE88608A2456}.Debug|x64.ActiveCfg = Debug|Any CPU
		{7B863047-1FFC-415E-B08E-FE88608A2456}.Debug|x64.Build.0 = Debug|Any CPU
		{7B863047-1FFC-415E-B08E-FE88608A2456}.Debug|x86.ActiveCfg = Debug|Any CPU
		{7B863047-1FFC-415E-B08E-FE88608A2456}.Debug|x86.Build.0 = Debug|Any CPU
		{7B863047-1FFC-415E-B08E-FE88608A2456}.Release|Any CPU.ActiveCfg = Release|Any CPU
		{7B863047-1FFC-415E-B08E-FE88608A2456}.Release|Any CPU.Build.0 = Release|Any CPU
		{7B863047-1FFC-415E-B08E-FE88608A2456}.Release|ARM.ActiveCfg = Release|Any CPU
		{7B863047-1FFC-415E-B08E-FE88608A2456}.Release|ARM.Build.0 = Release|Any CPU
		{7B863047-1FFC-415E-B08E-FE88608A2456}.Release|ARM64.ActiveCfg = Release|Any CPU
		{7B863047-1FFC-415E-B08E-FE88608A2456}.Release|ARM64.Build.0 = Release|Any CPU
		{7B863047-1FFC-415E-B08E-FE88608A2456}.Release|x64.ActiveCfg = Release|Any CPU
		{7B863047-1FFC-415E-B08E-FE88608A2456}.Release|x64.Build.0 = Release|Any CPU
		{7B863047-1FFC-415E-B08E-FE88608A2456}.Release|x86.ActiveCfg = Release|Any CPU
		{7B863047-1FFC-415E-B08E-FE88608A2456}.Release|x86.Build.0 = Release|Any CPU
		{6EED6F14-8F1D-430F-AEF1-E6B5567A3A68}.Debug|Any CPU.ActiveCfg = Debug|Any CPU
		{6EED6F14-8F1D-430F-AEF1-E6B5567A3A68}.Debug|Any CPU.Build.0 = Debug|Any CPU
		{6EED6F14-8F1D-430F-AEF1-E6B5567A3A68}.Debug|ARM.ActiveCfg = Debug|Any CPU
		{6EED6F14-8F1D-430F-AEF1-E6B5567A3A68}.Debug|ARM.Build.0 = Debug|Any CPU
		{6EED6F14-8F1D-430F-AEF1-E6B5567A3A68}.Debug|ARM64.ActiveCfg = Debug|Any CPU
		{6EED6F14-8F1D-430F-AEF1-E6B5567A3A68}.Debug|ARM64.Build.0 = Debug|Any CPU
		{6EED6F14-8F1D-430F-AEF1-E6B5567A3A68}.Debug|x64.ActiveCfg = Debug|Any CPU
		{6EED6F14-8F1D-430F-AEF1-E6B5567A3A68}.Debug|x64.Build.0 = Debug|Any CPU
		{6EED6F14-8F1D-430F-AEF1-E6B5567A3A68}.Debug|x86.ActiveCfg = Debug|Any CPU
		{6EED6F14-8F1D-430F-AEF1-E6B5567A3A68}.Debug|x86.Build.0 = Debug|Any CPU
		{6EED6F14-8F1D-430F-AEF1-E6B5567A3A68}.Release|Any CPU.ActiveCfg = Release|Any CPU
		{6EED6F14-8F1D-430F-AEF1-E6B5567A3A68}.Release|Any CPU.Build.0 = Release|Any CPU
		{6EED6F14-8F1D-430F-AEF1-E6B5567A3A68}.Release|ARM.ActiveCfg = Release|Any CPU
		{6EED6F14-8F1D-430F-AEF1-E6B5567A3A68}.Release|ARM.Build.0 = Release|Any CPU
		{6EED6F14-8F1D-430F-AEF1-E6B5567A3A68}.Release|ARM64.ActiveCfg = Release|Any CPU
		{6EED6F14-8F1D-430F-AEF1-E6B5567A3A68}.Release|ARM64.Build.0 = Release|Any CPU
		{6EED6F14-8F1D-430F-AEF1-E6B5567A3A68}.Release|x64.ActiveCfg = Release|Any CPU
		{6EED6F14-8F1D-430F-AEF1-E6B5567A3A68}.Release|x64.Build.0 = Release|Any CPU
		{6EED6F14-8F1D-430F-AEF1-E6B5567A3A68}.Release|x86.ActiveCfg = Release|Any CPU
		{6EED6F14-8F1D-430F-AEF1-E6B5567A3A68}.Release|x86.Build.0 = Release|Any CPU
		{F064552E-7DA8-4DC2-B880-5C03B3F5B70E}.Debug|Any CPU.ActiveCfg = Debug|Any CPU
		{F064552E-7DA8-4DC2-B880-5C03B3F5B70E}.Debug|Any CPU.Build.0 = Debug|Any CPU
		{F064552E-7DA8-4DC2-B880-5C03B3F5B70E}.Debug|ARM.ActiveCfg = Debug|Any CPU
		{F064552E-7DA8-4DC2-B880-5C03B3F5B70E}.Debug|ARM.Build.0 = Debug|Any CPU
		{F064552E-7DA8-4DC2-B880-5C03B3F5B70E}.Debug|ARM64.ActiveCfg = Debug|Any CPU
		{F064552E-7DA8-4DC2-B880-5C03B3F5B70E}.Debug|ARM64.Build.0 = Debug|Any CPU
		{F064552E-7DA8-4DC2-B880-5C03B3F5B70E}.Debug|x64.ActiveCfg = Debug|Any CPU
		{F064552E-7DA8-4DC2-B880-5C03B3F5B70E}.Debug|x64.Build.0 = Debug|Any CPU
		{F064552E-7DA8-4DC2-B880-5C03B3F5B70E}.Debug|x86.ActiveCfg = Debug|Any CPU
		{F064552E-7DA8-4DC2-B880-5C03B3F5B70E}.Debug|x86.Build.0 = Debug|Any CPU
		{F064552E-7DA8-4DC2-B880-5C03B3F5B70E}.Release|Any CPU.ActiveCfg = Release|Any CPU
		{F064552E-7DA8-4DC2-B880-5C03B3F5B70E}.Release|Any CPU.Build.0 = Release|Any CPU
		{F064552E-7DA8-4DC2-B880-5C03B3F5B70E}.Release|ARM.ActiveCfg = Release|Any CPU
		{F064552E-7DA8-4DC2-B880-5C03B3F5B70E}.Release|ARM.Build.0 = Release|Any CPU
		{F064552E-7DA8-4DC2-B880-5C03B3F5B70E}.Release|ARM64.ActiveCfg = Release|Any CPU
		{F064552E-7DA8-4DC2-B880-5C03B3F5B70E}.Release|ARM64.Build.0 = Release|Any CPU
		{F064552E-7DA8-4DC2-B880-5C03B3F5B70E}.Release|x64.ActiveCfg = Release|Any CPU
		{F064552E-7DA8-4DC2-B880-5C03B3F5B70E}.Release|x64.Build.0 = Release|Any CPU
		{F064552E-7DA8-4DC2-B880-5C03B3F5B70E}.Release|x86.ActiveCfg = Release|Any CPU
		{F064552E-7DA8-4DC2-B880-5C03B3F5B70E}.Release|x86.Build.0 = Release|Any CPU
		{4D4E8347-EFF5-48EA-ADE3-F2479117CA32}.Debug|Any CPU.ActiveCfg = Debug|Any CPU
		{4D4E8347-EFF5-48EA-ADE3-F2479117CA32}.Debug|Any CPU.Build.0 = Debug|Any CPU
		{4D4E8347-EFF5-48EA-ADE3-F2479117CA32}.Debug|ARM.ActiveCfg = Debug|Any CPU
		{4D4E8347-EFF5-48EA-ADE3-F2479117CA32}.Debug|ARM.Build.0 = Debug|Any CPU
		{4D4E8347-EFF5-48EA-ADE3-F2479117CA32}.Debug|ARM64.ActiveCfg = Debug|Any CPU
		{4D4E8347-EFF5-48EA-ADE3-F2479117CA32}.Debug|ARM64.Build.0 = Debug|Any CPU
		{4D4E8347-EFF5-48EA-ADE3-F2479117CA32}.Debug|x64.ActiveCfg = Debug|Any CPU
		{4D4E8347-EFF5-48EA-ADE3-F2479117CA32}.Debug|x64.Build.0 = Debug|Any CPU
		{4D4E8347-EFF5-48EA-ADE3-F2479117CA32}.Debug|x86.ActiveCfg = Debug|Any CPU
		{4D4E8347-EFF5-48EA-ADE3-F2479117CA32}.Debug|x86.Build.0 = Debug|Any CPU
		{4D4E8347-EFF5-48EA-ADE3-F2479117CA32}.Release|Any CPU.ActiveCfg = Release|Any CPU
		{4D4E8347-EFF5-48EA-ADE3-F2479117CA32}.Release|Any CPU.Build.0 = Release|Any CPU
		{4D4E8347-EFF5-48EA-ADE3-F2479117CA32}.Release|ARM.ActiveCfg = Release|Any CPU
		{4D4E8347-EFF5-48EA-ADE3-F2479117CA32}.Release|ARM.Build.0 = Release|Any CPU
		{4D4E8347-EFF5-48EA-ADE3-F2479117CA32}.Release|ARM64.ActiveCfg = Release|Any CPU
		{4D4E8347-EFF5-48EA-ADE3-F2479117CA32}.Release|ARM64.Build.0 = Release|Any CPU
		{4D4E8347-EFF5-48EA-ADE3-F2479117CA32}.Release|x64.ActiveCfg = Release|Any CPU
		{4D4E8347-EFF5-48EA-ADE3-F2479117CA32}.Release|x64.Build.0 = Release|Any CPU
		{4D4E8347-EFF5-48EA-ADE3-F2479117CA32}.Release|x86.ActiveCfg = Release|Any CPU
		{4D4E8347-EFF5-48EA-ADE3-F2479117CA32}.Release|x86.Build.0 = Release|Any CPU
		{1AE1BD1E-3794-4F4C-8E9E-7A8D16E231F8}.Debug|Any CPU.ActiveCfg = Debug|Any CPU
		{1AE1BD1E-3794-4F4C-8E9E-7A8D16E231F8}.Debug|Any CPU.Build.0 = Debug|Any CPU
		{1AE1BD1E-3794-4F4C-8E9E-7A8D16E231F8}.Debug|ARM.ActiveCfg = Debug|Any CPU
		{1AE1BD1E-3794-4F4C-8E9E-7A8D16E231F8}.Debug|ARM.Build.0 = Debug|Any CPU
		{1AE1BD1E-3794-4F4C-8E9E-7A8D16E231F8}.Debug|ARM64.ActiveCfg = Debug|Any CPU
		{1AE1BD1E-3794-4F4C-8E9E-7A8D16E231F8}.Debug|ARM64.Build.0 = Debug|Any CPU
		{1AE1BD1E-3794-4F4C-8E9E-7A8D16E231F8}.Debug|x64.ActiveCfg = Debug|Any CPU
		{1AE1BD1E-3794-4F4C-8E9E-7A8D16E231F8}.Debug|x64.Build.0 = Debug|Any CPU
		{1AE1BD1E-3794-4F4C-8E9E-7A8D16E231F8}.Debug|x86.ActiveCfg = Debug|Any CPU
		{1AE1BD1E-3794-4F4C-8E9E-7A8D16E231F8}.Debug|x86.Build.0 = Debug|Any CPU
		{1AE1BD1E-3794-4F4C-8E9E-7A8D16E231F8}.Release|Any CPU.ActiveCfg = Release|Any CPU
		{1AE1BD1E-3794-4F4C-8E9E-7A8D16E231F8}.Release|Any CPU.Build.0 = Release|Any CPU
		{1AE1BD1E-3794-4F4C-8E9E-7A8D16E231F8}.Release|ARM.ActiveCfg = Release|Any CPU
		{1AE1BD1E-3794-4F4C-8E9E-7A8D16E231F8}.Release|ARM.Build.0 = Release|Any CPU
		{1AE1BD1E-3794-4F4C-8E9E-7A8D16E231F8}.Release|ARM64.ActiveCfg = Release|Any CPU
		{1AE1BD1E-3794-4F4C-8E9E-7A8D16E231F8}.Release|ARM64.Build.0 = Release|Any CPU
		{1AE1BD1E-3794-4F4C-8E9E-7A8D16E231F8}.Release|x64.ActiveCfg = Release|Any CPU
		{1AE1BD1E-3794-4F4C-8E9E-7A8D16E231F8}.Release|x64.Build.0 = Release|Any CPU
		{1AE1BD1E-3794-4F4C-8E9E-7A8D16E231F8}.Release|x86.ActiveCfg = Release|Any CPU
		{1AE1BD1E-3794-4F4C-8E9E-7A8D16E231F8}.Release|x86.Build.0 = Release|Any CPU
		{94FBDAC9-A171-4C8C-B1DF-B4118A7A538C}.Debug|Any CPU.ActiveCfg = Debug|x86
		{94FBDAC9-A171-4C8C-B1DF-B4118A7A538C}.Debug|ARM.ActiveCfg = Debug|ARM
		{94FBDAC9-A171-4C8C-B1DF-B4118A7A538C}.Debug|ARM.Build.0 = Debug|ARM
		{94FBDAC9-A171-4C8C-B1DF-B4118A7A538C}.Debug|ARM.Deploy.0 = Debug|ARM
		{94FBDAC9-A171-4C8C-B1DF-B4118A7A538C}.Debug|ARM64.ActiveCfg = Debug|ARM64
		{94FBDAC9-A171-4C8C-B1DF-B4118A7A538C}.Debug|ARM64.Build.0 = Debug|ARM64
		{94FBDAC9-A171-4C8C-B1DF-B4118A7A538C}.Debug|ARM64.Deploy.0 = Debug|ARM64
		{94FBDAC9-A171-4C8C-B1DF-B4118A7A538C}.Debug|x64.ActiveCfg = Debug|x64
		{94FBDAC9-A171-4C8C-B1DF-B4118A7A538C}.Debug|x64.Build.0 = Debug|x64
		{94FBDAC9-A171-4C8C-B1DF-B4118A7A538C}.Debug|x64.Deploy.0 = Debug|x64
		{94FBDAC9-A171-4C8C-B1DF-B4118A7A538C}.Debug|x86.ActiveCfg = Debug|x86
		{94FBDAC9-A171-4C8C-B1DF-B4118A7A538C}.Debug|x86.Build.0 = Debug|x86
		{94FBDAC9-A171-4C8C-B1DF-B4118A7A538C}.Debug|x86.Deploy.0 = Debug|x86
		{94FBDAC9-A171-4C8C-B1DF-B4118A7A538C}.Release|Any CPU.ActiveCfg = Release|x86
		{94FBDAC9-A171-4C8C-B1DF-B4118A7A538C}.Release|ARM.ActiveCfg = Release|ARM
		{94FBDAC9-A171-4C8C-B1DF-B4118A7A538C}.Release|ARM.Build.0 = Release|ARM
		{94FBDAC9-A171-4C8C-B1DF-B4118A7A538C}.Release|ARM.Deploy.0 = Release|ARM
		{94FBDAC9-A171-4C8C-B1DF-B4118A7A538C}.Release|ARM64.ActiveCfg = Release|ARM64
		{94FBDAC9-A171-4C8C-B1DF-B4118A7A538C}.Release|ARM64.Build.0 = Release|ARM64
		{94FBDAC9-A171-4C8C-B1DF-B4118A7A538C}.Release|ARM64.Deploy.0 = Release|ARM64
		{94FBDAC9-A171-4C8C-B1DF-B4118A7A538C}.Release|x64.ActiveCfg = Release|x64
		{94FBDAC9-A171-4C8C-B1DF-B4118A7A538C}.Release|x64.Build.0 = Release|x64
		{94FBDAC9-A171-4C8C-B1DF-B4118A7A538C}.Release|x64.Deploy.0 = Release|x64
		{94FBDAC9-A171-4C8C-B1DF-B4118A7A538C}.Release|x86.ActiveCfg = Release|x86
		{94FBDAC9-A171-4C8C-B1DF-B4118A7A538C}.Release|x86.Build.0 = Release|x86
		{94FBDAC9-A171-4C8C-B1DF-B4118A7A538C}.Release|x86.Deploy.0 = Release|x86
		{DC8ADF0B-1EF3-4F26-BD3B-BA51119341F2}.Debug|Any CPU.ActiveCfg = Debug|Any CPU
		{DC8ADF0B-1EF3-4F26-BD3B-BA51119341F2}.Debug|Any CPU.Build.0 = Debug|Any CPU
		{DC8ADF0B-1EF3-4F26-BD3B-BA51119341F2}.Debug|ARM.ActiveCfg = Debug|Any CPU
		{DC8ADF0B-1EF3-4F26-BD3B-BA51119341F2}.Debug|ARM.Build.0 = Debug|Any CPU
		{DC8ADF0B-1EF3-4F26-BD3B-BA51119341F2}.Debug|ARM64.ActiveCfg = Debug|Any CPU
		{DC8ADF0B-1EF3-4F26-BD3B-BA51119341F2}.Debug|ARM64.Build.0 = Debug|Any CPU
		{DC8ADF0B-1EF3-4F26-BD3B-BA51119341F2}.Debug|x64.ActiveCfg = Debug|Any CPU
		{DC8ADF0B-1EF3-4F26-BD3B-BA51119341F2}.Debug|x64.Build.0 = Debug|Any CPU
		{DC8ADF0B-1EF3-4F26-BD3B-BA51119341F2}.Debug|x86.ActiveCfg = Debug|Any CPU
		{DC8ADF0B-1EF3-4F26-BD3B-BA51119341F2}.Debug|x86.Build.0 = Debug|Any CPU
		{DC8ADF0B-1EF3-4F26-BD3B-BA51119341F2}.Release|Any CPU.ActiveCfg = Release|Any CPU
		{DC8ADF0B-1EF3-4F26-BD3B-BA51119341F2}.Release|Any CPU.Build.0 = Release|Any CPU
		{DC8ADF0B-1EF3-4F26-BD3B-BA51119341F2}.Release|ARM.ActiveCfg = Release|Any CPU
		{DC8ADF0B-1EF3-4F26-BD3B-BA51119341F2}.Release|ARM.Build.0 = Release|Any CPU
		{DC8ADF0B-1EF3-4F26-BD3B-BA51119341F2}.Release|ARM64.ActiveCfg = Release|Any CPU
		{DC8ADF0B-1EF3-4F26-BD3B-BA51119341F2}.Release|ARM64.Build.0 = Release|Any CPU
		{DC8ADF0B-1EF3-4F26-BD3B-BA51119341F2}.Release|x64.ActiveCfg = Release|Any CPU
		{DC8ADF0B-1EF3-4F26-BD3B-BA51119341F2}.Release|x64.Build.0 = Release|Any CPU
		{DC8ADF0B-1EF3-4F26-BD3B-BA51119341F2}.Release|x86.ActiveCfg = Release|Any CPU
		{DC8ADF0B-1EF3-4F26-BD3B-BA51119341F2}.Release|x86.Build.0 = Release|Any CPU
	EndGlobalSection
	GlobalSection(SolutionProperties) = preSolution
		HideSolutionNode = FALSE
	EndGlobalSection
	GlobalSection(ExtensibilityGlobals) = postSolution
		SolutionGuid = {DB3AF224-A8C2-431C-996A-0AAA5B5AFE5B}
	EndGlobalSection
EndGlobal
