
Microsoft Visual Studio Solution File, Format Version 12.00
# Visual Studio 15
VisualStudioVersion = 15.0.26730.15
MinimumVisualStudioVersion = 10.0.40219.1
Project("{2150E333-8FDC-42A3-9474-1A3956D46DE8}") = "Solution Items", "Solution Items", "{98C3F5AC-1FDF-4AAF-B067-A9E9C663D87B}"
	ProjectSection(SolutionItems) = preProject
		COPYING.txt = COPYING.txt
		README.md = README.md
		stylecop.json = stylecop.json
	EndProjectSection
EndProject
Project("{9A19103F-16F7-4668-BE54-9A1E7A4F7556}") = "Isopoh.Cryptography.SecureArray", "Isopoh.Cryptography.SecureArray\Isopoh.Cryptography.SecureArray.csproj", "{8F5CEFC0-81B0-473B-8CE8-2E1EF555B15B}"
EndProject
Project("{9A19103F-16F7-4668-BE54-9A1E7A4F7556}") = "Isopoh.Cryptography.Blake2b", "Isopoh.Cryptography.Blake2b\Isopoh.Cryptography.Blake2b.csproj", "{249617D6-8291-4B2D-881F-3A6DE54DDCD3}"
EndProject
Project("{9A19103F-16F7-4668-BE54-9A1E7A4F7556}") = "Isopoh.Cryptography.Argon2", "Isopoh.Cryptography.Argon2\Isopoh.Cryptography.Argon2.csproj", "{0738ED69-6346-4143-B8EF-71AA8605A1A4}"
EndProject
Project("{9A19103F-16F7-4668-BE54-9A1E7A4F7556}") = "Isopoh.Cryptography.Test", "Isopoh.Cryptography.Test\Isopoh.Cryptography.Test.csproj", "{7B863047-1FFC-415E-B08E-FE88608A2456}"
EndProject
Project("{9A19103F-16F7-4668-BE54-9A1E7A4F7556}") = "TestApp", "TestApp\TestApp.csproj", "{6EED6F14-8F1D-430F-AEF1-E6B5567A3A68}"
EndProject
Global
	GlobalSection(SolutionConfigurationPlatforms) = preSolution
		Debug|Any CPU = Debug|Any CPU
		Debug|x64 = Debug|x64
		Debug|x86 = Debug|x86
		Release|Any CPU = Release|Any CPU
		Release|x64 = Release|x64
		Release|x86 = Release|x86
	EndGlobalSection
	GlobalSection(ProjectConfigurationPlatforms) = postSolution
		{8F5CEFC0-81B0-473B-8CE8-2E1EF555B15B}.Debug|Any CPU.ActiveCfg = Debug|Any CPU
		{8F5CEFC0-81B0-473B-8CE8-2E1EF555B15B}.Debug|Any CPU.Build.0 = Debug|Any CPU
		{8F5CEFC0-81B0-473B-8CE8-2E1EF555B15B}.Debug|x64.ActiveCfg = Debug|Any CPU
		{8F5CEFC0-81B0-473B-8CE8-2E1EF555B15B}.Debug|x64.Build.0 = Debug|Any CPU
		{8F5CEFC0-81B0-473B-8CE8-2E1EF555B15B}.Debug|x86.ActiveCfg = Debug|Any CPU
		{8F5CEFC0-81B0-473B-8CE8-2E1EF555B15B}.Debug|x86.Build.0 = Debug|Any CPU
		{8F5CEFC0-81B0-473B-8CE8-2E1EF555B15B}.Release|Any CPU.ActiveCfg = Release|Any CPU
		{8F5CEFC0-81B0-473B-8CE8-2E1EF555B15B}.Release|Any CPU.Build.0 = Release|Any CPU
		{8F5CEFC0-81B0-473B-8CE8-2E1EF555B15B}.Release|x64.ActiveCfg = Release|Any CPU
		{8F5CEFC0-81B0-473B-8CE8-2E1EF555B15B}.Release|x64.Build.0 = Release|Any CPU
		{8F5CEFC0-81B0-473B-8CE8-2E1EF555B15B}.Release|x86.ActiveCfg = Release|Any CPU
		{8F5CEFC0-81B0-473B-8CE8-2E1EF555B15B}.Release|x86.Build.0 = Release|Any CPU
		{249617D6-8291-4B2D-881F-3A6DE54DDCD3}.Debug|Any CPU.ActiveCfg = Debug|Any CPU
		{249617D6-8291-4B2D-881F-3A6DE54DDCD3}.Debug|Any CPU.Build.0 = Debug|Any CPU
		{249617D6-8291-4B2D-881F-3A6DE54DDCD3}.Debug|x64.ActiveCfg = Debug|Any CPU
		{249617D6-8291-4B2D-881F-3A6DE54DDCD3}.Debug|x64.Build.0 = Debug|Any CPU
		{249617D6-8291-4B2D-881F-3A6DE54DDCD3}.Debug|x86.ActiveCfg = Debug|Any CPU
		{249617D6-8291-4B2D-881F-3A6DE54DDCD3}.Debug|x86.Build.0 = Debug|Any CPU
		{249617D6-8291-4B2D-881F-3A6DE54DDCD3}.Release|Any CPU.ActiveCfg = Release|Any CPU
		{249617D6-8291-4B2D-881F-3A6DE54DDCD3}.Release|Any CPU.Build.0 = Release|Any CPU
		{249617D6-8291-4B2D-881F-3A6DE54DDCD3}.Release|x64.ActiveCfg = Release|Any CPU
		{249617D6-8291-4B2D-881F-3A6DE54DDCD3}.Release|x64.Build.0 = Release|Any CPU
		{249617D6-8291-4B2D-881F-3A6DE54DDCD3}.Release|x86.ActiveCfg = Release|Any CPU
		{249617D6-8291-4B2D-881F-3A6DE54DDCD3}.Release|x86.Build.0 = Release|Any CPU
		{0738ED69-6346-4143-B8EF-71AA8605A1A4}.Debug|Any CPU.ActiveCfg = Debug|Any CPU
		{0738ED69-6346-4143-B8EF-71AA8605A1A4}.Debug|Any CPU.Build.0 = Debug|Any CPU
		{0738ED69-6346-4143-B8EF-71AA8605A1A4}.Debug|x64.ActiveCfg = Debug|Any CPU
		{0738ED69-6346-4143-B8EF-71AA8605A1A4}.Debug|x64.Build.0 = Debug|Any CPU
		{0738ED69-6346-4143-B8EF-71AA8605A1A4}.Debug|x86.ActiveCfg = Debug|Any CPU
		{0738ED69-6346-4143-B8EF-71AA8605A1A4}.Debug|x86.Build.0 = Debug|Any CPU
		{0738ED69-6346-4143-B8EF-71AA8605A1A4}.Release|Any CPU.ActiveCfg = Release|Any CPU
		{0738ED69-6346-4143-B8EF-71AA8605A1A4}.Release|Any CPU.Build.0 = Release|Any CPU
		{0738ED69-6346-4143-B8EF-71AA8605A1A4}.Release|x64.ActiveCfg = Release|Any CPU
		{0738ED69-6346-4143-B8EF-71AA8605A1A4}.Release|x64.Build.0 = Release|Any CPU
		{0738ED69-6346-4143-B8EF-71AA8605A1A4}.Release|x86.ActiveCfg = Release|Any CPU
		{0738ED69-6346-4143-B8EF-71AA8605A1A4}.Release|x86.Build.0 = Release|Any CPU
		{7B863047-1FFC-415E-B08E-FE88608A2456}.Debug|Any CPU.ActiveCfg = Debug|Any CPU
		{7B863047-1FFC-415E-B08E-FE88608A2456}.Debug|Any CPU.Build.0 = Debug|Any CPU
		{7B863047-1FFC-415E-B08E-FE88608A2456}.Debug|x64.ActiveCfg = Debug|Any CPU
		{7B863047-1FFC-415E-B08E-FE88608A2456}.Debug|x64.Build.0 = Debug|Any CPU
		{7B863047-1FFC-415E-B08E-FE88608A2456}.Debug|x86.ActiveCfg = Debug|Any CPU
		{7B863047-1FFC-415E-B08E-FE88608A2456}.Debug|x86.Build.0 = Debug|Any CPU
		{7B863047-1FFC-415E-B08E-FE88608A2456}.Release|Any CPU.ActiveCfg = Release|Any CPU
		{7B863047-1FFC-415E-B08E-FE88608A2456}.Release|Any CPU.Build.0 = Release|Any CPU
		{7B863047-1FFC-415E-B08E-FE88608A2456}.Release|x64.ActiveCfg = Release|Any CPU
		{7B863047-1FFC-415E-B08E-FE88608A2456}.Release|x64.Build.0 = Release|Any CPU
		{7B863047-1FFC-415E-B08E-FE88608A2456}.Release|x86.ActiveCfg = Release|Any CPU
		{7B863047-1FFC-415E-B08E-FE88608A2456}.Release|x86.Build.0 = Release|Any CPU
		{6EED6F14-8F1D-430F-AEF1-E6B5567A3A68}.Debug|Any CPU.ActiveCfg = Debug|Any CPU
		{6EED6F14-8F1D-430F-AEF1-E6B5567A3A68}.Debug|Any CPU.Build.0 = Debug|Any CPU
		{6EED6F14-8F1D-430F-AEF1-E6B5567A3A68}.Debug|x64.ActiveCfg = Debug|Any CPU
		{6EED6F14-8F1D-430F-AEF1-E6B5567A3A68}.Debug|x64.Build.0 = Debug|Any CPU
		{6EED6F14-8F1D-430F-AEF1-E6B5567A3A68}.Debug|x86.ActiveCfg = Debug|Any CPU
		{6EED6F14-8F1D-430F-AEF1-E6B5567A3A68}.Debug|x86.Build.0 = Debug|Any CPU
		{6EED6F14-8F1D-430F-AEF1-E6B5567A3A68}.Release|Any CPU.ActiveCfg = Release|Any CPU
		{6EED6F14-8F1D-430F-AEF1-E6B5567A3A68}.Release|Any CPU.Build.0 = Release|Any CPU
		{6EED6F14-8F1D-430F-AEF1-E6B5567A3A68}.Release|x64.ActiveCfg = Release|Any CPU
		{6EED6F14-8F1D-430F-AEF1-E6B5567A3A68}.Release|x64.Build.0 = Release|Any CPU
		{6EED6F14-8F1D-430F-AEF1-E6B5567A3A68}.Release|x86.ActiveCfg = Release|Any CPU
		{6EED6F14-8F1D-430F-AEF1-E6B5567A3A68}.Release|x86.Build.0 = Release|Any CPU
	EndGlobalSection
	GlobalSection(SolutionProperties) = preSolution
		HideSolutionNode = FALSE
	EndGlobalSection
	GlobalSection(ExtensibilityGlobals) = postSolution
		SolutionGuid = {DB3AF224-A8C2-431C-996A-0AAA5B5AFE5B}
	EndGlobalSection
EndGlobal
